
Microsoft Visual Studio Solution File, Format Version 12.00
Project("{FAE04EC0-301F-11D3-BF4B-00C04F79EFBC}") = "BuildMonitor", "BuildMonitor\BuildMonitor.csproj", "{A67EA1E3-94A2-4BA0-AC55-52DFFD63B33A}"
EndProject
Project("{FAE04EC0-301F-11D3-BF4B-00C04F79EFBC}") = "BuildMonitor.Core", "BuildMonitor.Core\BuildMonitor.Core.csproj", "{E1878ED9-A742-46CD-BC33-2B1E24F893D6}"
EndProject
Project("{FAE04EC0-301F-11D3-BF4B-00C04F79EFBC}") = "BuildMonitor.Core.Tests", "BuildMonitor.Core.Tests\BuildMonitor.Core.Tests.csproj", "{D15252E7-6122-418D-8D2B-D74688FAB594}"
EndProject
Project("{FAE04EC0-301F-11D3-BF4B-00C04F79EFBC}") = "BuildMonitor.TeamCity", "BuildMonitor.TeamCity\BuildMonitor.TeamCity.csproj", "{FB8C313E-0619-4F71-9055-29FDE830BB8E}"
EndProject
Project("{FAE04EC0-301F-11D3-BF4B-00C04F79EFBC}") = "BuildMonitor.Contracts", "BuildMonitor.Contracts\BuildMonitor.Contracts.csproj", "{C9F6EF61-A624-4901-ABD6-D0EBF286E82F}"
EndProject
Project("{FAE04EC0-301F-11D3-BF4B-00C04F79EFBC}") = "BuildMonitor.Common", "BuildMonitor.Common\BuildMonitor.Common.csproj", "{C1B49871-4431-44A3-8BA4-F1C0BD2691B2}"
EndProject
Project("{FAE04EC0-301F-11D3-BF4B-00C04F79EFBC}") = "BuildMonitor.TeamCity.Tests", "BuildMonitor.TeamCity.Tests\BuildMonitor.TeamCity.Tests.csproj", "{167582CA-A0D0-4BAD-AD01-6B644B20D163}"
EndProject
Global
	GlobalSection(SolutionConfigurationPlatforms) = preSolution
		Debug|Any CPU = Debug|Any CPU
		Release|Any CPU = Release|Any CPU
	EndGlobalSection
	GlobalSection(ProjectConfigurationPlatforms) = postSolution
		{A67EA1E3-94A2-4BA0-AC55-52DFFD63B33A}.Debug|Any CPU.ActiveCfg = Debug|Any CPU
		{A67EA1E3-94A2-4BA0-AC55-52DFFD63B33A}.Debug|Any CPU.Build.0 = Debug|Any CPU
		{A67EA1E3-94A2-4BA0-AC55-52DFFD63B33A}.Release|Any CPU.ActiveCfg = Release|Any CPU
		{A67EA1E3-94A2-4BA0-AC55-52DFFD63B33A}.Release|Any CPU.Build.0 = Release|Any CPU
		{E1878ED9-A742-46CD-BC33-2B1E24F893D6}.Debug|Any CPU.ActiveCfg = Debug|Any CPU
		{E1878ED9-A742-46CD-BC33-2B1E24F893D6}.Debug|Any CPU.Build.0 = Debug|Any CPU
		{E1878ED9-A742-46CD-BC33-2B1E24F893D6}.Release|Any CPU.ActiveCfg = Release|Any CPU
		{E1878ED9-A742-46CD-BC33-2B1E24F893D6}.Release|Any CPU.Build.0 = Release|Any CPU
		{D15252E7-6122-418D-8D2B-D74688FAB594}.Debug|Any CPU.ActiveCfg = Debug|Any CPU
		{D15252E7-6122-418D-8D2B-D74688FAB594}.Debug|Any CPU.Build.0 = Debug|Any CPU
		{D15252E7-6122-418D-8D2B-D74688FAB594}.Release|Any CPU.ActiveCfg = Release|Any CPU
		{D15252E7-6122-418D-8D2B-D74688FAB594}.Release|Any CPU.Build.0 = Release|Any CPU
		{FB8C313E-0619-4F71-9055-29FDE830BB8E}.Debug|Any CPU.ActiveCfg = Debug|Any CPU
		{FB8C313E-0619-4F71-9055-29FDE830BB8E}.Debug|Any CPU.Build.0 = Debug|Any CPU
		{FB8C313E-0619-4F71-9055-29FDE830BB8E}.Release|Any CPU.ActiveCfg = Release|Any CPU
		{FB8C313E-0619-4F71-9055-29FDE830BB8E}.Release|Any CPU.Build.0 = Release|Any CPU
		{C9F6EF61-A624-4901-ABD6-D0EBF286E82F}.Debug|Any CPU.ActiveCfg = Debug|Any CPU
		{C9F6EF61-A624-4901-ABD6-D0EBF286E82F}.Debug|Any CPU.Build.0 = Debug|Any CPU
		{C9F6EF61-A624-4901-ABD6-D0EBF286E82F}.Release|Any CPU.ActiveCfg = Release|Any CPU
		{C9F6EF61-A624-4901-ABD6-D0EBF286E82F}.Release|Any CPU.Build.0 = Release|Any CPU
		{C1B49871-4431-44A3-8BA4-F1C0BD2691B2}.Debug|Any CPU.ActiveCfg = Debug|Any CPU
		{C1B49871-4431-44A3-8BA4-F1C0BD2691B2}.Debug|Any CPU.Build.0 = Debug|Any CPU
		{C1B49871-4431-44A3-8BA4-F1C0BD2691B2}.Release|Any CPU.ActiveCfg = Release|Any CPU
		{C1B49871-4431-44A3-8BA4-F1C0BD2691B2}.Release|Any CPU.Build.0 = Release|Any CPU
		{167582CA-A0D0-4BAD-AD01-6B644B20D163}.Debug|Any CPU.ActiveCfg = Debug|Any CPU
		{167582CA-A0D0-4BAD-AD01-6B644B20D163}.Debug|Any CPU.Build.0 = Debug|Any CPU
		{167582CA-A0D0-4BAD-AD01-6B644B20D163}.Release|Any CPU.ActiveCfg = Release|Any CPU
		{167582CA-A0D0-4BAD-AD01-6B644B20D163}.Release|Any CPU.Build.0 = Release|Any CPU
	EndGlobalSection
EndGlobal
